
Microsoft Visual Studio Solution File, Format Version 12.00
# Visual Studio Version 17
VisualStudioVersion = 17.0.31903.59
MinimumVisualStudioVersion = 10.0.40219.1
Project("{FAE04EC0-301F-11D3-BF4B-00C04F79EFBC}") = "background-job", "background-job\background-job.csproj", "{CF41D797-5FF1-4BE6-A775-FB97F80E9EEE}"
EndProject
Global
	GlobalSection(SolutionConfigurationPlatforms) = preSolution
		Debug|Any CPU = Debug|Any CPU
		Release|Any CPU = Release|Any CPU
	EndGlobalSection
	GlobalSection(SolutionProperties) = preSolution
		HideSolutionNode = FALSE
	EndGlobalSection
	GlobalSection(ProjectConfigurationPlatforms) = postSolution
		{CF41D797-5FF1-4BE6-A775-FB97F80E9EEE}.Debug|Any CPU.ActiveCfg = Debug|Any CPU
		{CF41D797-5FF1-4BE6-A775-FB97F80E9EEE}.Debug|Any CPU.Build.0 = Debug|Any CPU
		{CF41D797-5FF1-4BE6-A775-FB97F80E9EEE}.Release|Any CPU.ActiveCfg = Release|Any CPU
		{CF41D797-5FF1-4BE6-A775-FB97F80E9EEE}.Release|Any CPU.Build.0 = Release|Any CPU
	EndGlobalSection
EndGlobal
